
Microsoft Visual Studio Solution File, Format Version 12.00
# Visual Studio Version 17
VisualStudioVersion = 17.13.35931.197
MinimumVisualStudioVersion = 10.0.40219.1
Project("{2150E333-8FDC-42A3-9474-1A3956D46DE8}") = "Store", "Store", "{02EA681E-C7D8-13C7-8484-4AC65E1B71E8}"
EndProject
Project("{2150E333-8FDC-42A3-9474-1A3956D46DE8}") = "Utils", "Utils", "{0140CD3D-0B2B-4626-A596-4F4267ABF496}"
EndProject
Project("{FAE04EC0-301F-11D3-BF4B-00C04F79EFBC}") = "AccountService", "src\Store\AccountService\AccountService.csproj", "{5BAC65A2-A144-9147-BC86-677321C2DBB5}"
EndProject
Project("{FAE04EC0-301F-11D3-BF4B-00C04F79EFBC}") = "InventoryService", "src\Store\InventoryService\InventoryService.csproj", "{3190FEE4-96F5-139E-6A63-88A353FD7A7F}"
EndProject
Project("{FAE04EC0-301F-11D3-BF4B-00C04F79EFBC}") = "ShoppingService", "src\Store\ShoppingService\ShoppingService.csproj", "{10F50870-96DB-277A-E7E1-208538A88BD2}"
EndProject
Project("{FAE04EC0-301F-11D3-BF4B-00C04F79EFBC}") = "Store.Web", "src\Store\Web\Store.Web.csproj", "{351CABCF-E615-6830-1D49-86837315266E}"
EndProject
Project("{FAE04EC0-301F-11D3-BF4B-00C04F79EFBC}") = "CyStore.Aspire", "src\Utils\Store2018.Aspire\CyStore.Aspire.csproj", "{846F4EDF-852E-21DD-968A-C8ABE737E50D}"
EndProject
Global
	GlobalSection(SolutionConfigurationPlatforms) = preSolution
		Debug|Any CPU = Debug|Any CPU
		Release|Any CPU = Release|Any CPU
	EndGlobalSection
	GlobalSection(ProjectConfigurationPlatforms) = postSolution
		{5BAC65A2-A144-9147-BC86-677321C2DBB5}.Debug|Any CPU.ActiveCfg = Debug|Any CPU
		{5BAC65A2-A144-9147-BC86-677321C2DBB5}.Debug|Any CPU.Build.0 = Debug|Any CPU
		{5BAC65A2-A144-9147-BC86-677321C2DBB5}.Release|Any CPU.ActiveCfg = Release|Any CPU
		{5BAC65A2-A144-9147-BC86-677321C2DBB5}.Release|Any CPU.Build.0 = Release|Any CPU
		{3190FEE4-96F5-139E-6A63-88A353FD7A7F}.Debug|Any CPU.ActiveCfg = Debug|Any CPU
		{3190FEE4-96F5-139E-6A63-88A353FD7A7F}.Debug|Any CPU.Build.0 = Debug|Any CPU
		{3190FEE4-96F5-139E-6A63-88A353FD7A7F}.Release|Any CPU.ActiveCfg = Release|Any CPU
		{3190FEE4-96F5-139E-6A63-88A353FD7A7F}.Release|Any CPU.Build.0 = Release|Any CPU
		{10F50870-96DB-277A-E7E1-208538A88BD2}.Debug|Any CPU.ActiveCfg = Debug|Any CPU
		{10F50870-96DB-277A-E7E1-208538A88BD2}.Debug|Any CPU.Build.0 = Debug|Any CPU
		{10F50870-96DB-277A-E7E1-208538A88BD2}.Release|Any CPU.ActiveCfg = Release|Any CPU
		{10F50870-96DB-277A-E7E1-208538A88BD2}.Release|Any CPU.Build.0 = Release|Any CPU
		{351CABCF-E615-6830-1D49-86837315266E}.Debug|Any CPU.ActiveCfg = Debug|Any CPU
		{351CABCF-E615-6830-1D49-86837315266E}.Debug|Any CPU.Build.0 = Debug|Any CPU
		{351CABCF-E615-6830-1D49-86837315266E}.Release|Any CPU.ActiveCfg = Release|Any CPU
		{351CABCF-E615-6830-1D49-86837315266E}.Release|Any CPU.Build.0 = Release|Any CPU
		{846F4EDF-852E-21DD-968A-C8ABE737E50D}.Debug|Any CPU.ActiveCfg = Debug|Any CPU
		{846F4EDF-852E-21DD-968A-C8ABE737E50D}.Debug|Any CPU.Build.0 = Debug|Any CPU
		{846F4EDF-852E-21DD-968A-C8ABE737E50D}.Release|Any CPU.ActiveCfg = Release|Any CPU
		{846F4EDF-852E-21DD-968A-C8ABE737E50D}.Release|Any CPU.Build.0 = Release|Any CPU
	EndGlobalSection
	GlobalSection(SolutionProperties) = preSolution
		HideSolutionNode = FALSE
	EndGlobalSection
	GlobalSection(NestedProjects) = preSolution
		{5BAC65A2-A144-9147-BC86-677321C2DBB5} = {02EA681E-C7D8-13C7-8484-4AC65E1B71E8}
		{3190FEE4-96F5-139E-6A63-88A353FD7A7F} = {02EA681E-C7D8-13C7-8484-4AC65E1B71E8}
		{10F50870-96DB-277A-E7E1-208538A88BD2} = {02EA681E-C7D8-13C7-8484-4AC65E1B71E8}
		{351CABCF-E615-6830-1D49-86837315266E} = {02EA681E-C7D8-13C7-8484-4AC65E1B71E8}
		{846F4EDF-852E-21DD-968A-C8ABE737E50D} = {0140CD3D-0B2B-4626-A596-4F4267ABF496}
	EndGlobalSection
	GlobalSection(ExtensibilityGlobals) = postSolution
		SolutionGuid = {4912CADC-DB42-4D08-BD7B-117C9E7BC0DA}
	EndGlobalSection
EndGlobal
